// !$*UTF8*$!
{
	archiveVersion = 1;
	classes = {
	};
	objectVersion = 50;
	objects = {

/* Begin PBXBuildFile section */
		FFAE12832137E6B100145FFE /* AppDelegate.swift in Sources */ = {isa = PBXBuildFile; fileRef = FFAE12822137E6B100145FFE /* AppDelegate.swift */; };
		FFAE12852137E6B100145FFE /* ViewController.swift in Sources */ = {isa = PBXBuildFile; fileRef = FFAE12842137E6B100145FFE /* ViewController.swift */; };
		FFAE12882137E6B100145FFE /* Main.storyboard in Resources */ = {isa = PBXBuildFile; fileRef = FFAE12862137E6B100145FFE /* Main.storyboard */; };
		FFAE128A2137E6B300145FFE /* Assets.xcassets in Resources */ = {isa = PBXBuildFile; fileRef = FFAE12892137E6B300145FFE /* Assets.xcassets */; };
		FFAE128D2137E6B300145FFE /* LaunchScreen.storyboard in Resources */ = {isa = PBXBuildFile; fileRef = FFAE128B2137E6B300145FFE /* LaunchScreen.storyboard */; };
		FFAE12952137E6F900145FFE /* Card.swift in Sources */ = {isa = PBXBuildFile; fileRef = FFAE12942137E6F900145FFE /* Card.swift */; };
		FFAE12972137E85E00145FFE /* Set.swift in Sources */ = {isa = PBXBuildFile; fileRef = FFAE12962137E85E00145FFE /* Set.swift */; };
		FFB5E2B9213FCDE9001041BA /* PlayingCardView.swift in Sources */ = {isa = PBXBuildFile; fileRef = FFB5E2B8213FCDE9001041BA /* PlayingCardView.swift */; };
		FFD559942147E0EA00BF80ED /* Grid.swift in Sources */ = {isa = PBXBuildFile; fileRef = FFD559932147E0EA00BF80ED /* Grid.swift */; };
/* End PBXBuildFile section */

/* Begin PBXFileReference section */
		FFAE127F2137E6B100145FFE /* Set.app */ = {isa = PBXFileReference; explicitFileType = wrapper.application; includeInIndex = 0; path = Set.app; sourceTree = BUILT_PRODUCTS_DIR; };
		FFAE12822137E6B100145FFE /* AppDelegate.swift */ = {isa = PBXFileReference; lastKnownFileType = sourcecode.swift; path = AppDelegate.swift; sourceTree = "<group>"; };
		FFAE12842137E6B100145FFE /* ViewController.swift */ = {isa = PBXFileReference; lastKnownFileType = sourcecode.swift; path = ViewController.swift; sourceTree = "<group>"; };
		FFAE12872137E6B100145FFE /* Base */ = {isa = PBXFileReference; lastKnownFileType = file.storyboard; name = Base; path = Base.lproj/Main.storyboard; sourceTree = "<group>"; };
		FFAE12892137E6B300145FFE /* Assets.xcassets */ = {isa = PBXFileReference; lastKnownFileType = folder.assetcatalog; path = Assets.xcassets; sourceTree = "<group>"; };
		FFAE128C2137E6B300145FFE /* Base */ = {isa = PBXFileReference; lastKnownFileType = file.storyboard; name = Base; path = Base.lproj/LaunchScreen.storyboard; sourceTree = "<group>"; };
		FFAE128E2137E6B300145FFE /* Info.plist */ = {isa = PBXFileReference; lastKnownFileType = text.plist.xml; path = Info.plist; sourceTree = "<group>"; };
		FFAE12942137E6F900145FFE /* Card.swift */ = {isa = PBXFileReference; lastKnownFileType = sourcecode.swift; path = Card.swift; sourceTree = "<group>"; };
		FFAE12962137E85E00145FFE /* Set.swift */ = {isa = PBXFileReference; lastKnownFileType = sourcecode.swift; path = Set.swift; sourceTree = "<group>"; };
		FFB5E2B8213FCDE9001041BA /* PlayingCardView.swift */ = {isa = PBXFileReference; lastKnownFileType = sourcecode.swift; path = PlayingCardView.swift; sourceTree = "<group>"; };
		FFD559932147E0EA00BF80ED /* Grid.swift */ = {isa = PBXFileReference; fileEncoding = 4; lastKnownFileType = sourcecode.swift; path = Grid.swift; sourceTree = "<group>"; };
/* End PBXFileReference section */

/* Begin PBXFrameworksBuildPhase section */
		FFAE127C2137E6B100145FFE /* Frameworks */ = {
			isa = PBXFrameworksBuildPhase;
			buildActionMask = 2147483647;
			files = (
			);
			runOnlyForDeploymentPostprocessing = 0;
		};
/* End PBXFrameworksBuildPhase section */

/* Begin PBXGroup section */
		FFAE12762137E6B100145FFE = {
			isa = PBXGroup;
			children = (
				FFAE12812137E6B100145FFE /* Set */,
				FFAE12802137E6B100145FFE /* Products */,
			);
			sourceTree = "<group>";
		};
		FFAE12802137E6B100145FFE /* Products */ = {
			isa = PBXGroup;
			children = (
				FFAE127F2137E6B100145FFE /* Set.app */,
			);
			name = Products;
			sourceTree = "<group>";
		};
		FFAE12812137E6B100145FFE /* Set */ = {
			isa = PBXGroup;
			children = (
				FFAE12822137E6B100145FFE /* AppDelegate.swift */,
				FFAE12842137E6B100145FFE /* ViewController.swift */,
				FFAE12862137E6B100145FFE /* Main.storyboard */,
				FFAE12892137E6B300145FFE /* Assets.xcassets */,
				FFAE128B2137E6B300145FFE /* LaunchScreen.storyboard */,
				FFAE128E2137E6B300145FFE /* Info.plist */,
				FFAE12942137E6F900145FFE /* Card.swift */,
				FFAE12962137E85E00145FFE /* Set.swift */,
				FFB5E2B8213FCDE9001041BA /* PlayingCardView.swift */,
				FFD559932147E0EA00BF80ED /* Grid.swift */,
			);
			path = Set;
			sourceTree = "<group>";
		};
/* End PBXGroup section */

/* Begin PBXNativeTarget section */
		FFAE127E2137E6B100145FFE /* Set */ = {
			isa = PBXNativeTarget;
			buildConfigurationList = FFAE12912137E6B300145FFE /* Build configuration list for PBXNativeTarget "Set" */;
			buildPhases = (
				FFAE127B2137E6B100145FFE /* Sources */,
				FFAE127C2137E6B100145FFE /* Frameworks */,
				FFAE127D2137E6B100145FFE /* Resources */,
			);
			buildRules = (
			);
			dependencies = (
			);
			name = Set;
			productName = Set;
			productReference = FFAE127F2137E6B100145FFE /* Set.app */;
			productType = "com.apple.product-type.application";
		};
/* End PBXNativeTarget section */

/* Begin PBXProject section */
		FFAE12772137E6B100145FFE /* Project object */ = {
			isa = PBXProject;
			attributes = {
				LastSwiftUpdateCheck = 0940;
				LastUpgradeCheck = 0940;
				ORGANIZATIONNAME = "Heiko Goes";
				TargetAttributes = {
					FFAE127E2137E6B100145FFE = {
						CreatedOnToolsVersion = 9.4.1;
					};
				};
			};
			buildConfigurationList = FFAE127A2137E6B100145FFE /* Build configuration list for PBXProject "Set" */;
			compatibilityVersion = "Xcode 9.3";
			developmentRegion = en;
			hasScannedForEncodings = 0;
			knownRegions = (
				en,
				Base,
			);
			mainGroup = FFAE12762137E6B100145FFE;
			productRefGroup = FFAE12802137E6B100145FFE /* Products */;
			projectDirPath = "";
			projectRoot = "";
			targets = (
				FFAE127E2137E6B100145FFE /* Set */,
			);
		};
/* End PBXProject section */

/* Begin PBXResourcesBuildPhase section */
		FFAE127D2137E6B100145FFE /* Resources */ = {
			isa = PBXResourcesBuildPhase;
			buildActionMask = 2147483647;
			files = (
				FFAE128D2137E6B300145FFE /* LaunchScreen.storyboard in Resources */,
				FFAE128A2137E6B300145FFE /* Assets.xcassets in Resources */,
				FFAE12882137E6B100145FFE /* Main.storyboard in Resources */,
			);
			runOnlyForDeploymentPostprocessing = 0;
		};
/* End PBXResourcesBuildPhase section */

/* Begin PBXSourcesBuildPhase section */
		FFAE127B2137E6B100145FFE /* Sources */ = {
			isa = PBXSourcesBuildPhase;
			buildActionMask = 2147483647;
			files = (
				FFAE12852137E6B100145FFE /* ViewController.swift in Sources */,
				FFAE12952137E6F900145FFE /* Card.swift in Sources */,
				FFAE12832137E6B100145FFE /* AppDelegate.swift in Sources */,
				FFB5E2B9213FCDE9001041BA /* PlayingCardView.swift in Sources */,
				FFAE12972137E85E00145FFE /* Set.swift in Sources */,
				FFD559942147E0EA00BF80ED /* Grid.swift in Sources */,
			);
			runOnlyForDeploymentPostprocessing = 0;
		};
/* End PBXSourcesBuildPhase section */

/* Begin PBXVariantGroup section */
		FFAE12862137E6B100145FFE /* Main.storyboard */ = {
			isa = PBXVariantGroup;
			children = (
				FFAE12872137E6B100145FFE /* Base */,
			);
			name = Main.storyboard;
			sourceTree = "<group>";
		};
		FFAE128B2137E6B300145FFE /* LaunchScreen.storyboard */ = {
			isa = PBXVariantGroup;
			children = (
				FFAE128C2137E6B300145FFE /* Base */,
			);
			name = LaunchScreen.storyboard;
			sourceTree = "<group>";
		};
/* End PBXVariantGroup section */

/* Begin XCBuildConfiguration section */
		FFAE128F2137E6B300145FFE /* Debug */ = {
			isa = XCBuildConfiguration;
			buildSettings = {
				ALWAYS_SEARCH_USER_PATHS = NO;
				CLANG_ANALYZER_NONNULL = YES;
				CLANG_ANALYZER_NUMBER_OBJECT_CONVERSION = YES_AGGRESSIVE;
				CLANG_CXX_LANGUAGE_STANDARD = "gnu++14";
				CLANG_CXX_LIBRARY = "libc++";
				CLANG_ENABLE_MODULES = YES;
				CLANG_ENABLE_OBJC_ARC = YES;
				CLANG_ENABLE_OBJC_WEAK = YES;
				CLANG_WARN_BLOCK_CAPTURE_AUTORELEASING = YES;
				CLANG_WARN_BOOL_CONVERSION = YES;
				CLANG_WARN_COMMA = YES;
				CLANG_WARN_CONSTANT_CONVERSION = YES;
				CLANG_WARN_DEPRECATED_OBJC_IMPLEMENTATIONS = YES;
				CLANG_WARN_DIRECT_OBJC_ISA_USAGE = YES_ERROR;
				CLANG_WARN_DOCUMENTATION_COMMENTS = YES;
				CLANG_WARN_EMPTY_BODY = YES;
				CLANG_WARN_ENUM_CONVERSION = YES;
				CLANG_WARN_INFINITE_RECURSION = YES;
				CLANG_WARN_INT_CONVERSION = YES;
				CLANG_WARN_NON_LITERAL_NULL_CONVERSION = YES;
				CLANG_WARN_OBJC_IMPLICIT_RETAIN_SELF = YES;
				CLANG_WARN_OBJC_LITERAL_CONVERSION = YES;
				CLANG_WARN_OBJC_ROOT_CLASS = YES_ERROR;
				CLANG_WARN_RANGE_LOOP_ANALYSIS = YES;
				CLANG_WARN_STRICT_PROTOTYPES = YES;
				CLANG_WARN_SUSPICIOUS_MOVE = YES;
				CLANG_WARN_UNGUARDED_AVAILABILITY = YES_AGGRESSIVE;
				CLANG_WARN_UNREACHABLE_CODE = YES;
				CLANG_WARN__DUPLICATE_METHOD_MATCH = YES;
				CODE_SIGN_IDENTITY = "iPhone Developer";
				COPY_PHASE_STRIP = NO;
				DEBUG_INFORMATION_FORMAT = dwarf;
				ENABLE_STRICT_OBJC_MSGSEND = YES;
				ENABLE_TESTABILITY = YES;
				GCC_C_LANGUAGE_STANDARD = gnu11;
				GCC_DYNAMIC_NO_PIC = NO;
				GCC_NO_COMMON_BLOCKS = YES;
				GCC_OPTIMIZATION_LEVEL = 0;
				GCC_PREPROCESSOR_DEFINITIONS = (
					"DEBUG=1",
					"$(inherited)",
				);
				GCC_WARN_64_TO_32_BIT_CONVERSION = YES;
				GCC_WARN_ABOUT_RETURN_TYPE = YES_ERROR;
				GCC_WARN_UNDECLARED_SELECTOR = YES;
				GCC_WARN_UNINITIALIZED_AUTOS = YES_AGGRESSIVE;
				GCC_WARN_UNUSED_FUNCTION = YES;
				GCC_WARN_UNUSED_VARIABLE = YES;
				IPHONEOS_DEPLOYMENT_TARGET = 11.4;
				MTL_ENABLE_DEBUG_INFO = YES;
				ONLY_ACTIVE_ARCH = YES;
				SDKROOT = iphoneos;
				SWIFT_ACTIVE_COMPILATION_CONDITIONS = DEBUG;
				SWIFT_OPTIMIZATION_LEVEL = "-Onone";
			};
			name = Debug;
		};
		FFAE12902137E6B300145FFE /* Release */ = {
			isa = XCBuildConfiguration;
			buildSettings = {
				ALWAYS_SEARCH_USER_PATHS = NO;
				CLANG_ANALYZER_NONNULL = YES;
				CLANG_ANALYZER_NUMBER_OBJECT_CONVERSION = YES_AGGRESSIVE;
				CLANG_CXX_LANGUAGE_STANDARD = "gnu++14";
				CLANG_CXX_LIBRARY = "libc++";
				CLANG_ENABLE_MODULES = YES;
				CLANG_ENABLE_OBJC_ARC = YES;
				CLANG_ENABLE_OBJC_WEAK = YES;
				CLANG_WARN_BLOCK_CAPTURE_AUTORELEASING = YES;
				CLANG_WARN_BOOL_CONVERSION = YES;
				CLANG_WARN_COMMA = YES;
				CLANG_WARN_CONSTANT_CONVERSION = YES;
				CLANG_WARN_DEPRECATED_OBJC_IMPLEMENTATIONS = YES;
				CLANG_WARN_DIRECT_OBJC_ISA_USAGE = YES_ERROR;
				CLANG_WARN_DOCUMENTATION_COMMENTS = YES;
				CLANG_WARN_EMPTY_BODY = YES;
				CLANG_WARN_ENUM_CONVERSION = YES;
				CLANG_WARN_INFINITE_RECURSION = YES;
				CLANG_WARN_INT_CONVERSION = YES;
				CLANG_WARN_NON_LITERAL_NULL_CONVERSION = YES;
				CLANG_WARN_OBJC_IMPLICIT_RETAIN_SELF = YES;
				CLANG_WARN_OBJC_LITERAL_CONVERSION = YES;
				CLANG_WARN_OBJC_ROOT_CLASS = YES_ERROR;
				CLANG_WARN_RANGE_LOOP_ANALYSIS = YES;
				CLANG_WARN_STRICT_PROTOTYPES = YES;
				CLANG_WARN_SUSPICIOUS_MOVE = YES;
				CLANG_WARN_UNGUARDED_AVAILABILITY = YES_AGGRESSIVE;
				CLANG_WARN_UNREACHABLE_CODE = YES;
				CLANG_WARN__DUPLICATE_METHOD_MATCH = YES;
				CODE_SIGN_IDENTITY = "iPhone Developer";
				COPY_PHASE_STRIP = NO;
				DEBUG_INFORMATION_FORMAT = "dwarf-with-dsym";
				ENABLE_NS_ASSERTIONS = NO;
				ENABLE_STRICT_OBJC_MSGSEND = YES;
				GCC_C_LANGUAGE_STANDARD = gnu11;
				GCC_NO_COMMON_BLOCKS = YES;
				GCC_WARN_64_TO_32_BIT_CONVERSION = YES;
				GCC_WARN_ABOUT_RETURN_TYPE = YES_ERROR;
				GCC_WARN_UNDECLARED_SELECTOR = YES;
				GCC_WARN_UNINITIALIZED_AUTOS = YES_AGGRESSIVE;
				GCC_WARN_UNUSED_FUNCTION = YES;
				GCC_WARN_UNUSED_VARIABLE = YES;
				IPHONEOS_DEPLOYMENT_TARGET = 11.4;
				MTL_ENABLE_DEBUG_INFO = NO;
				SDKROOT = iphoneos;
				SWIFT_COMPILATION_MODE = wholemodule;
				SWIFT_OPTIMIZATION_LEVEL = "-O";
				VALIDATE_PRODUCT = YES;
			};
			name = Release;
		};
		FFAE12922137E6B300145FFE /* Debug */ = {
			isa = XCBuildConfiguration;
			buildSettings = {
				ASSETCATALOG_COMPILER_APPICON_NAME = AppIcon;
				CODE_SIGN_STYLE = Automatic;
				DEVELOPMENT_TEAM = MDYGK73495;
				INFOPLIST_FILE = Set/Info.plist;
				LD_RUNPATH_SEARCH_PATHS = (
					"$(inherited)",
					"@executable_path/Frameworks",
				);
				PRODUCT_BUNDLE_IDENTIFIER = "de.gaebler-goes.Set";
				PRODUCT_NAME = "$(TARGET_NAME)";
				SWIFT_VERSION = 4.0;
				TARGETED_DEVICE_FAMILY = "1,2";
			};
			name = Debug;
		};
		FFAE12932137E6B300145FFE /* Release */ = {
			isa = XCBuildConfiguration;
			buildSettings = {
				ASSETCATALOG_COMPILER_APPICON_NAME = AppIcon;
				CODE_SIGN_STYLE = Automatic;
				DEVELOPMENT_TEAM = MDYGK73495;
				INFOPLIST_FILE = Set/Info.plist;
				LD_RUNPATH_SEARCH_PATHS = (
					"$(inherited)",
					"@executable_path/Frameworks",
				);
				PRODUCT_BUNDLE_IDENTIFIER = "de.gaebler-goes.Set";
				PRODUCT_NAME = "$(TARGET_NAME)";
				SWIFT_VERSION = 4.0;
				TARGETED_DEVICE_FAMILY = "1,2";
			};
			name = Release;
		};
/* End XCBuildConfiguration section */

/* Begin XCConfigurationList section */
		FFAE127A2137E6B100145FFE /* Build configuration list for PBXProject "Set" */ = {
			isa = XCConfigurationList;
			buildConfigurations = (
				FFAE128F2137E6B300145FFE /* Debug */,
				FFAE12902137E6B300145FFE /* Release */,
			);
			defaultConfigurationIsVisible = 0;
			defaultConfigurationName = Release;
		};
		FFAE12912137E6B300145FFE /* Build configuration list for PBXNativeTarget "Set" */ = {
			isa = XCConfigurationList;
			buildConfigurations = (
				FFAE12922137E6B300145FFE /* Debug */,
				FFAE12932137E6B300145FFE /* Release */,
			);
			defaultConfigurationIsVisible = 0;
			defaultConfigurationName = Release;
		};
/* End XCConfigurationList section */
	};
	rootObject = FFAE12772137E6B100145FFE /* Project object */;
}
